
Microsoft Visual Studio Solution File, Format Version 12.00
# Visual Studio Version 16
VisualStudioVersion = 16.0.31005.135
MinimumVisualStudioVersion = 10.0.40219.1
Project("{9A19103F-16F7-4668-BE54-9A1E7A4F7556}") = "DotnetCards.API", "DotnetCards.API\DotnetCards.API.csproj", "{CDA91F05-5675-47CA-BF28-864C2B325E2E}"
EndProject
Project("{9A19103F-16F7-4668-BE54-9A1E7A4F7556}") = "DotnetCards.Core", "DotnetCards.Core\DotnetCards.Core.csproj", "{9420A69A-70B2-4011-9EBA-3B1A5487FABA}"
EndProject
Project("{FAE04EC0-301F-11D3-BF4B-00C04F79EFBC}") = "DotnetCards.Data", "DotnetCards.Data\DotnetCards.Data.csproj", "{B23B8ECB-19EF-425D-83F6-954E416334B8}"
EndProject
Global
	GlobalSection(SolutionConfigurationPlatforms) = preSolution
		Debug|Any CPU = Debug|Any CPU
		Release|Any CPU = Release|Any CPU
	EndGlobalSection
	GlobalSection(ProjectConfigurationPlatforms) = postSolution
		{CDA91F05-5675-47CA-BF28-864C2B325E2E}.Debug|Any CPU.ActiveCfg = Debug|Any CPU
		{CDA91F05-5675-47CA-BF28-864C2B325E2E}.Debug|Any CPU.Build.0 = Debug|Any CPU
		{CDA91F05-5675-47CA-BF28-864C2B325E2E}.Release|Any CPU.ActiveCfg = Release|Any CPU
		{CDA91F05-5675-47CA-BF28-864C2B325E2E}.Release|Any CPU.Build.0 = Release|Any CPU
		{9420A69A-70B2-4011-9EBA-3B1A5487FABA}.Debug|Any CPU.ActiveCfg = Debug|Any CPU
		{9420A69A-70B2-4011-9EBA-3B1A5487FABA}.Debug|Any CPU.Build.0 = Debug|Any CPU
		{9420A69A-70B2-4011-9EBA-3B1A5487FABA}.Release|Any CPU.ActiveCfg = Release|Any CPU
		{9420A69A-70B2-4011-9EBA-3B1A5487FABA}.Release|Any CPU.Build.0 = Release|Any CPU
		{B23B8ECB-19EF-425D-83F6-954E416334B8}.Debug|Any CPU.ActiveCfg = Debug|Any CPU
		{B23B8ECB-19EF-425D-83F6-954E416334B8}.Debug|Any CPU.Build.0 = Debug|Any CPU
		{B23B8ECB-19EF-425D-83F6-954E416334B8}.Release|Any CPU.ActiveCfg = Release|Any CPU
		{B23B8ECB-19EF-425D-83F6-954E416334B8}.Release|Any CPU.Build.0 = Release|Any CPU
	EndGlobalSection
	GlobalSection(SolutionProperties) = preSolution
		HideSolutionNode = FALSE
	EndGlobalSection
	GlobalSection(ExtensibilityGlobals) = postSolution
		SolutionGuid = {985ACD2F-70DB-45F7-B72D-D6CF38B50EEA}
	EndGlobalSection
EndGlobal
